
Microsoft Visual Studio Solution File, Format Version 12.00
# Visual Studio Version 16
VisualStudioVersion = 16.0.31112.23
MinimumVisualStudioVersion = 10.0.40219.1
Project("{FAE04EC0-301F-11D3-BF4B-00C04F79EFBC}") = "TextEncoder", "TextEncoder\TextEncoder.csproj", "{F57FFD87-453D-410E-9FD4-B47EE7FB7709}"
EndProject
Global
	GlobalSection(SolutionConfigurationPlatforms) = preSolution
		Debug|Any CPU = Debug|Any CPU
		Release|Any CPU = Release|Any CPU
	EndGlobalSection
	GlobalSection(ProjectConfigurationPlatforms) = postSolution
		{F57FFD87-453D-410E-9FD4-B47EE7FB7709}.Debug|Any CPU.ActiveCfg = Debug|Any CPU
		{F57FFD87-453D-410E-9FD4-B47EE7FB7709}.Debug|Any CPU.Build.0 = Debug|Any CPU
		{F57FFD87-453D-410E-9FD4-B47EE7FB7709}.Release|Any CPU.ActiveCfg = Release|Any CPU
		{F57FFD87-453D-410E-9FD4-B47EE7FB7709}.Release|Any CPU.Build.0 = Release|Any CPU
	EndGlobalSection
	GlobalSection(SolutionProperties) = preSolution
		HideSolutionNode = FALSE
	EndGlobalSection
	GlobalSection(ExtensibilityGlobals) = postSolution
		SolutionGuid = {778FB6C0-F10D-4372-A665-38A695B10EC7}
	EndGlobalSection
EndGlobal
